// !$*UTF8*$!
{
	archiveVersion = 1;
	classes = {
	};
	objectVersion = 51;
	objects = {

/* Begin PBXBuildFile section */
		AABF52AAB6BA03D93E14742B /* Pods_DNA.framework in Frameworks */ = {isa = PBXBuildFile; fileRef = 3C638AB1FF7A47177A5E8288 /* Pods_DNA.framework */; };
		EF2B79D125E2A33A00EB6A56 /* HTTPClient.swift in Sources */ = {isa = PBXBuildFile; fileRef = EF2B79D025E2A33A00EB6A56 /* HTTPClient.swift */; };
		EF2B79D425E2A34100EB6A56 /* NetworkingAPI.swift in Sources */ = {isa = PBXBuildFile; fileRef = EF2B79D325E2A34100EB6A56 /* NetworkingAPI.swift */; };
		EF49835525D5730700357307 /* LoginVC.swift in Sources */ = {isa = PBXBuildFile; fileRef = EF49835425D5730700357307 /* LoginVC.swift */; };
		EF49835825D5731900357307 /* SignUpVC.swift in Sources */ = {isa = PBXBuildFile; fileRef = EF49835725D5731900357307 /* SignUpVC.swift */; };
		EF49835B25D5733A00357307 /* LogoutVC.swift in Sources */ = {isa = PBXBuildFile; fileRef = EF49835A25D5733A00357307 /* LogoutVC.swift */; };
		EF49835E25D5735000357307 /* MenuVC.swift in Sources */ = {isa = PBXBuildFile; fileRef = EF49835D25D5735000357307 /* MenuVC.swift */; };
		EF49836125D573B300357307 /* WritingVC.swift in Sources */ = {isa = PBXBuildFile; fileRef = EF49836025D573B200357307 /* WritingVC.swift */; };
		EF49836425D573EE00357307 /* AVC.swift in Sources */ = {isa = PBXBuildFile; fileRef = EF49836325D573EE00357307 /* AVC.swift */; };
		EF49836725D573FB00357307 /* GVC.swift in Sources */ = {isa = PBXBuildFile; fileRef = EF49836625D573FB00357307 /* GVC.swift */; };
		EF49836A25D5740500357307 /* TVC.swift in Sources */ = {isa = PBXBuildFile; fileRef = EF49836925D5740500357307 /* TVC.swift */; };
		EF49836D25D5740E00357307 /* CVC.swift in Sources */ = {isa = PBXBuildFile; fileRef = EF49836C25D5740E00357307 /* CVC.swift */; };
		EF5BC2A025CD932B004E8F36 /* AppDelegate.swift in Sources */ = {isa = PBXBuildFile; fileRef = EF5BC29F25CD932B004E8F36 /* AppDelegate.swift */; };
		EF5BC2A225CD932B004E8F36 /* SceneDelegate.swift in Sources */ = {isa = PBXBuildFile; fileRef = EF5BC2A125CD932B004E8F36 /* SceneDelegate.swift */; };
		EF5BC2A425CD932B004E8F36 /* ViewController.swift in Sources */ = {isa = PBXBuildFile; fileRef = EF5BC2A325CD932B004E8F36 /* ViewController.swift */; };
		EF5BC2A725CD932B004E8F36 /* Main.storyboard in Resources */ = {isa = PBXBuildFile; fileRef = EF5BC2A525CD932B004E8F36 /* Main.storyboard */; };
		EF5BC2A925CD932D004E8F36 /* Assets.xcassets in Resources */ = {isa = PBXBuildFile; fileRef = EF5BC2A825CD932D004E8F36 /* Assets.xcassets */; };
		EF5BC2AC25CD932D004E8F36 /* LaunchScreen.storyboard in Resources */ = {isa = PBXBuildFile; fileRef = EF5BC2AA25CD932D004E8F36 /* LaunchScreen.storyboard */; };
		EFBED72925D3E79500F661A0 /* NanumGothic.otf in Resources */ = {isa = PBXBuildFile; fileRef = EFBED72825D3E78F00F661A0 /* NanumGothic.otf */; };
		EFBED72C25D3E95900F661A0 /* NanumGothicBold.otf in Resources */ = {isa = PBXBuildFile; fileRef = EFBED72B25D3E95600F661A0 /* NanumGothicBold.otf */; };
		EFCC7F3025EE293600D41BC4 /* SignInModel.swift in Sources */ = {isa = PBXBuildFile; fileRef = EFCC7F2F25EE293600D41BC4 /* SignInModel.swift */; };
/* End PBXBuildFile section */

/* Begin PBXFileReference section */
		3C638AB1FF7A47177A5E8288 /* Pods_DNA.framework */ = {isa = PBXFileReference; explicitFileType = wrapper.framework; includeInIndex = 0; path = Pods_DNA.framework; sourceTree = BUILT_PRODUCTS_DIR; };
		9CC573ED038C08DCAAA75B74 /* Pods-DNA.release.xcconfig */ = {isa = PBXFileReference; includeInIndex = 1; lastKnownFileType = text.xcconfig; name = "Pods-DNA.release.xcconfig"; path = "Target Support Files/Pods-DNA/Pods-DNA.release.xcconfig"; sourceTree = "<group>"; };
		EF2B79D025E2A33A00EB6A56 /* HTTPClient.swift */ = {isa = PBXFileReference; lastKnownFileType = sourcecode.swift; path = HTTPClient.swift; sourceTree = "<group>"; };
		EF2B79D325E2A34100EB6A56 /* NetworkingAPI.swift */ = {isa = PBXFileReference; lastKnownFileType = sourcecode.swift; path = NetworkingAPI.swift; sourceTree = "<group>"; };
		EF49835425D5730700357307 /* LoginVC.swift */ = {isa = PBXFileReference; lastKnownFileType = sourcecode.swift; path = LoginVC.swift; sourceTree = "<group>"; };
		EF49835725D5731900357307 /* SignUpVC.swift */ = {isa = PBXFileReference; lastKnownFileType = sourcecode.swift; path = SignUpVC.swift; sourceTree = "<group>"; };
		EF49835A25D5733A00357307 /* LogoutVC.swift */ = {isa = PBXFileReference; lastKnownFileType = sourcecode.swift; path = LogoutVC.swift; sourceTree = "<group>"; };
		EF49835D25D5735000357307 /* MenuVC.swift */ = {isa = PBXFileReference; lastKnownFileType = sourcecode.swift; path = MenuVC.swift; sourceTree = "<group>"; };
		EF49836025D573B200357307 /* WritingVC.swift */ = {isa = PBXFileReference; lastKnownFileType = sourcecode.swift; path = WritingVC.swift; sourceTree = "<group>"; };
		EF49836325D573EE00357307 /* AVC.swift */ = {isa = PBXFileReference; lastKnownFileType = sourcecode.swift; path = AVC.swift; sourceTree = "<group>"; };
		EF49836625D573FB00357307 /* GVC.swift */ = {isa = PBXFileReference; lastKnownFileType = sourcecode.swift; path = GVC.swift; sourceTree = "<group>"; };
		EF49836925D5740500357307 /* TVC.swift */ = {isa = PBXFileReference; lastKnownFileType = sourcecode.swift; path = TVC.swift; sourceTree = "<group>"; };
		EF49836C25D5740E00357307 /* CVC.swift */ = {isa = PBXFileReference; lastKnownFileType = sourcecode.swift; path = CVC.swift; sourceTree = "<group>"; };
		EF5BC29C25CD932B004E8F36 /* DNA.app */ = {isa = PBXFileReference; explicitFileType = wrapper.application; includeInIndex = 0; path = DNA.app; sourceTree = BUILT_PRODUCTS_DIR; };
		EF5BC29F25CD932B004E8F36 /* AppDelegate.swift */ = {isa = PBXFileReference; lastKnownFileType = sourcecode.swift; path = AppDelegate.swift; sourceTree = "<group>"; };
		EF5BC2A125CD932B004E8F36 /* SceneDelegate.swift */ = {isa = PBXFileReference; lastKnownFileType = sourcecode.swift; path = SceneDelegate.swift; sourceTree = "<group>"; };
		EF5BC2A325CD932B004E8F36 /* ViewController.swift */ = {isa = PBXFileReference; lastKnownFileType = sourcecode.swift; path = ViewController.swift; sourceTree = "<group>"; };
		EF5BC2A625CD932B004E8F36 /* Base */ = {isa = PBXFileReference; lastKnownFileType = file.storyboard; name = Base; path = Base.lproj/Main.storyboard; sourceTree = "<group>"; };
		EF5BC2A825CD932D004E8F36 /* Assets.xcassets */ = {isa = PBXFileReference; lastKnownFileType = folder.assetcatalog; path = Assets.xcassets; sourceTree = "<group>"; };
		EF5BC2AB25CD932D004E8F36 /* Base */ = {isa = PBXFileReference; lastKnownFileType = file.storyboard; name = Base; path = Base.lproj/LaunchScreen.storyboard; sourceTree = "<group>"; };
		EF5BC2AD25CD932D004E8F36 /* Info.plist */ = {isa = PBXFileReference; lastKnownFileType = text.plist.xml; path = Info.plist; sourceTree = "<group>"; };
		EFBED72825D3E78F00F661A0 /* NanumGothic.otf */ = {isa = PBXFileReference; lastKnownFileType = file; path = NanumGothic.otf; sourceTree = "<group>"; };
		EFBED72B25D3E95600F661A0 /* NanumGothicBold.otf */ = {isa = PBXFileReference; lastKnownFileType = file; path = NanumGothicBold.otf; sourceTree = "<group>"; };
		EFCC7F2F25EE293600D41BC4 /* SignInModel.swift */ = {isa = PBXFileReference; lastKnownFileType = sourcecode.swift; path = SignInModel.swift; sourceTree = "<group>"; };
		FBE4F2F53115BAD43F7483B5 /* Pods-DNA.debug.xcconfig */ = {isa = PBXFileReference; includeInIndex = 1; lastKnownFileType = text.xcconfig; name = "Pods-DNA.debug.xcconfig"; path = "Target Support Files/Pods-DNA/Pods-DNA.debug.xcconfig"; sourceTree = "<group>"; };
/* End PBXFileReference section */

/* Begin PBXFrameworksBuildPhase section */
		EF5BC29925CD932B004E8F36 /* Frameworks */ = {
			isa = PBXFrameworksBuildPhase;
			buildActionMask = 2147483647;
			files = (
				AABF52AAB6BA03D93E14742B /* Pods_DNA.framework in Frameworks */,
			);
			runOnlyForDeploymentPostprocessing = 0;
		};
/* End PBXFrameworksBuildPhase section */

/* Begin PBXGroup section */
		1C3029D40FF56785CF1BD9C9 /* Pods */ = {
			isa = PBXGroup;
			children = (
				FBE4F2F53115BAD43F7483B5 /* Pods-DNA.debug.xcconfig */,
				9CC573ED038C08DCAAA75B74 /* Pods-DNA.release.xcconfig */,
			);
			path = Pods;
			sourceTree = "<group>";
		};
		65A4E4F61BEFC9C27AED585D /* Frameworks */ = {
			isa = PBXGroup;
			children = (
				3C638AB1FF7A47177A5E8288 /* Pods_DNA.framework */,
			);
			name = Frameworks;
			sourceTree = "<group>";
		};
		EF3D731F25D6B82900948B5E /* Auth */ = {
			isa = PBXGroup;
			children = (
				EF49835425D5730700357307 /* LoginVC.swift */,
				EF49835725D5731900357307 /* SignUpVC.swift */,
			);
			path = Auth;
			sourceTree = "<group>";
		};
		EF3D732225D6B85B00948B5E /* Tab Bar */ = {
			isa = PBXGroup;
			children = (
				EF49835A25D5733A00357307 /* LogoutVC.swift */,
				EF49835D25D5735000357307 /* MenuVC.swift */,
				EF49836025D573B200357307 /* WritingVC.swift */,
			);
			path = "Tab Bar";
			sourceTree = "<group>";
		};
		EF3D732525D6B87800948B5E /* TableView */ = {
			isa = PBXGroup;
			children = (
				EF49836325D573EE00357307 /* AVC.swift */,
				EF49836625D573FB00357307 /* GVC.swift */,
				EF49836925D5740500357307 /* TVC.swift */,
				EF49836C25D5740E00357307 /* CVC.swift */,
			);
			path = TableView;
			sourceTree = "<group>";
		};
		EF5BC29325CD932B004E8F36 = {
			isa = PBXGroup;
			children = (
				EF5BC29E25CD932B004E8F36 /* DNA */,
				EF5BC29D25CD932B004E8F36 /* Products */,
				1C3029D40FF56785CF1BD9C9 /* Pods */,
				65A4E4F61BEFC9C27AED585D /* Frameworks */,
			);
			sourceTree = "<group>";
		};
		EF5BC29D25CD932B004E8F36 /* Products */ = {
			isa = PBXGroup;
			children = (
				EF5BC29C25CD932B004E8F36 /* DNA.app */,
			);
			name = Products;
			sourceTree = "<group>";
		};
		EF5BC29E25CD932B004E8F36 /* DNA */ = {
			isa = PBXGroup;
			children = (
				EFBED72225D3E45800F661A0 /* UI */,
				EFBED72125D3E44700F661A0 /* Models */,
				EFBED72025D3E44200F661A0 /* VC */,
				EFBED71F25D3E43200F661A0 /* Networking */,
				EF5BC29F25CD932B004E8F36 /* AppDelegate.swift */,
				EF5BC2A125CD932B004E8F36 /* SceneDelegate.swift */,
				EF5BC2A825CD932D004E8F36 /* Assets.xcassets */,
				EF5BC2AA25CD932D004E8F36 /* LaunchScreen.storyboard */,
				EFBED72825D3E78F00F661A0 /* NanumGothic.otf */,
				EFBED72B25D3E95600F661A0 /* NanumGothicBold.otf */,
				EF5BC2AD25CD932D004E8F36 /* Info.plist */,
			);
			path = DNA;
			sourceTree = "<group>";
		};
		EFBED71F25D3E43200F661A0 /* Networking */ = {
			isa = PBXGroup;
			children = (
				EF2B79D025E2A33A00EB6A56 /* HTTPClient.swift */,
				EF2B79D325E2A34100EB6A56 /* NetworkingAPI.swift */,
			);
			path = Networking;
			sourceTree = "<group>";
		};
		EFBED72025D3E44200F661A0 /* VC */ = {
			isa = PBXGroup;
			children = (
				EF5BC2A325CD932B004E8F36 /* ViewController.swift */,
				EF3D731F25D6B82900948B5E /* Auth */,
				EF3D732225D6B85B00948B5E /* Tab Bar */,
				EF3D732525D6B87800948B5E /* TableView */,
			);
			path = VC;
			sourceTree = "<group>";
		};
		EFBED72125D3E44700F661A0 /* Models */ = {
			isa = PBXGroup;
			children = (
				EFCC7F2F25EE293600D41BC4 /* SignInModel.swift */,
			);
			path = Models;
			sourceTree = "<group>";
		};
		EFBED72225D3E45800F661A0 /* UI */ = {
			isa = PBXGroup;
			children = (
				EF5BC2A525CD932B004E8F36 /* Main.storyboard */,
			);
			path = UI;
			sourceTree = "<group>";
		};
/* End PBXGroup section */

/* Begin PBXNativeTarget section */
		EF5BC29B25CD932B004E8F36 /* DNA */ = {
			isa = PBXNativeTarget;
			buildConfigurationList = EF5BC2B025CD932D004E8F36 /* Build configuration list for PBXNativeTarget "DNA" */;
			buildPhases = (
				EED407BB5D1BB4E04BE1EF2B /* [CP] Check Pods Manifest.lock */,
				EF5BC29825CD932B004E8F36 /* Sources */,
				EF5BC29925CD932B004E8F36 /* Frameworks */,
				EF5BC29A25CD932B004E8F36 /* Resources */,
				8644491FE0A347EDE9B38034 /* [CP] Embed Pods Frameworks */,
			);
			buildRules = (
			);
			dependencies = (
			);
			name = DNA;
			productName = DNA;
			productReference = EF5BC29C25CD932B004E8F36 /* DNA.app */;
			productType = "com.apple.product-type.application";
		};
/* End PBXNativeTarget section */

/* Begin PBXProject section */
		EF5BC29425CD932B004E8F36 /* Project object */ = {
			isa = PBXProject;
			attributes = {
				LastSwiftUpdateCheck = 1240;
				LastUpgradeCheck = 1240;
				TargetAttributes = {
					EF5BC29B25CD932B004E8F36 = {
						CreatedOnToolsVersion = 12.4;
					};
				};
			};
			buildConfigurationList = EF5BC29725CD932B004E8F36 /* Build configuration list for PBXProject "DNA" */;
			compatibilityVersion = "Xcode 9.3";
			developmentRegion = en;
			hasScannedForEncodings = 0;
			knownRegions = (
				en,
				Base,
			);
			mainGroup = EF5BC29325CD932B004E8F36;
			productRefGroup = EF5BC29D25CD932B004E8F36 /* Products */;
			projectDirPath = "";
			projectRoot = "";
			targets = (
				EF5BC29B25CD932B004E8F36 /* DNA */,
			);
		};
/* End PBXProject section */

/* Begin PBXResourcesBuildPhase section */
		EF5BC29A25CD932B004E8F36 /* Resources */ = {
			isa = PBXResourcesBuildPhase;
			buildActionMask = 2147483647;
			files = (
				EF5BC2AC25CD932D004E8F36 /* LaunchScreen.storyboard in Resources */,
				EF5BC2A925CD932D004E8F36 /* Assets.xcassets in Resources */,
				EF5BC2A725CD932B004E8F36 /* Main.storyboard in Resources */,
				EFBED72C25D3E95900F661A0 /* NanumGothicBold.otf in Resources */,
				EFBED72925D3E79500F661A0 /* NanumGothic.otf in Resources */,
			);
			runOnlyForDeploymentPostprocessing = 0;
		};
/* End PBXResourcesBuildPhase section */

/* Begin PBXShellScriptBuildPhase section */
		8644491FE0A347EDE9B38034 /* [CP] Embed Pods Frameworks */ = {
			isa = PBXShellScriptBuildPhase;
			buildActionMask = 2147483647;
			files = (
			);
			inputFileListPaths = (
				"${PODS_ROOT}/Target Support Files/Pods-DNA/Pods-DNA-frameworks-${CONFIGURATION}-input-files.xcfilelist",
			);
			name = "[CP] Embed Pods Frameworks";
			outputFileListPaths = (
				"${PODS_ROOT}/Target Support Files/Pods-DNA/Pods-DNA-frameworks-${CONFIGURATION}-output-files.xcfilelist",
			);
			runOnlyForDeploymentPostprocessing = 0;
			shellPath = /bin/sh;
			shellScript = "\"${PODS_ROOT}/Target Support Files/Pods-DNA/Pods-DNA-frameworks.sh\"\n";
			showEnvVarsInLog = 0;
		};
		EED407BB5D1BB4E04BE1EF2B /* [CP] Check Pods Manifest.lock */ = {
			isa = PBXShellScriptBuildPhase;
			buildActionMask = 2147483647;
			files = (
			);
			inputFileListPaths = (
			);
			inputPaths = (
				"${PODS_PODFILE_DIR_PATH}/Podfile.lock",
				"${PODS_ROOT}/Manifest.lock",
			);
			name = "[CP] Check Pods Manifest.lock";
			outputFileListPaths = (
			);
			outputPaths = (
				"$(DERIVED_FILE_DIR)/Pods-DNA-checkManifestLockResult.txt",
			);
			runOnlyForDeploymentPostprocessing = 0;
			shellPath = /bin/sh;
			shellScript = "diff \"${PODS_PODFILE_DIR_PATH}/Podfile.lock\" \"${PODS_ROOT}/Manifest.lock\" > /dev/null\nif [ $? != 0 ] ; then\n    # print error to STDERR\n    echo \"error: The sandbox is not in sync with the Podfile.lock. Run 'pod install' or update your CocoaPods installation.\" >&2\n    exit 1\nfi\n# This output is used by Xcode 'outputs' to avoid re-running this script phase.\necho \"SUCCESS\" > \"${SCRIPT_OUTPUT_FILE_0}\"\n";
			showEnvVarsInLog = 0;
		};
/* End PBXShellScriptBuildPhase section */

/* Begin PBXSourcesBuildPhase section */
		EF5BC29825CD932B004E8F36 /* Sources */ = {
			isa = PBXSourcesBuildPhase;
			buildActionMask = 2147483647;
			files = (
				EF49836425D573EE00357307 /* AVC.swift in Sources */,
				EF5BC2A425CD932B004E8F36 /* ViewController.swift in Sources */,
				EF5BC2A025CD932B004E8F36 /* AppDelegate.swift in Sources */,
				EF49835B25D5733A00357307 /* LogoutVC.swift in Sources */,
				EF49836725D573FB00357307 /* GVC.swift in Sources */,
				EF49835E25D5735000357307 /* MenuVC.swift in Sources */,
				EF49836A25D5740500357307 /* TVC.swift in Sources */,
				EF49835525D5730700357307 /* LoginVC.swift in Sources */,
				EF49836D25D5740E00357307 /* CVC.swift in Sources */,
				EF2B79D125E2A33A00EB6A56 /* HTTPClient.swift in Sources */,
				EF49835825D5731900357307 /* SignUpVC.swift in Sources */,
				EF5BC2A225CD932B004E8F36 /* SceneDelegate.swift in Sources */,
				EF49836125D573B300357307 /* WritingVC.swift in Sources */,
				EF2B79D425E2A34100EB6A56 /* NetworkingAPI.swift in Sources */,
				EFCC7F3025EE293600D41BC4 /* SignInModel.swift in Sources */,
			);
			runOnlyForDeploymentPostprocessing = 0;
		};
/* End PBXSourcesBuildPhase section */

/* Begin PBXVariantGroup section */
		EF5BC2A525CD932B004E8F36 /* Main.storyboard */ = {
			isa = PBXVariantGroup;
			children = (
				EF5BC2A625CD932B004E8F36 /* Base */,
			);
			name = Main.storyboard;
			sourceTree = "<group>";
		};
		EF5BC2AA25CD932D004E8F36 /* LaunchScreen.storyboard */ = {
			isa = PBXVariantGroup;
			children = (
				EF5BC2AB25CD932D004E8F36 /* Base */,
			);
			name = LaunchScreen.storyboard;
			sourceTree = "<group>";
		};
/* End PBXVariantGroup section */

/* Begin XCBuildConfiguration section */
		EF5BC2AE25CD932D004E8F36 /* Debug */ = {
			isa = XCBuildConfiguration;
			buildSettings = {
				ALWAYS_SEARCH_USER_PATHS = NO;
				CLANG_ANALYZER_NONNULL = YES;
				CLANG_ANALYZER_NUMBER_OBJECT_CONVERSION = YES_AGGRESSIVE;
				CLANG_CXX_LANGUAGE_STANDARD = "gnu++14";
				CLANG_CXX_LIBRARY = "libc++";
				CLANG_ENABLE_MODULES = YES;
				CLANG_ENABLE_OBJC_ARC = YES;
				CLANG_ENABLE_OBJC_WEAK = YES;
				CLANG_WARN_BLOCK_CAPTURE_AUTORELEASING = YES;
				CLANG_WARN_BOOL_CONVERSION = YES;
				CLANG_WARN_COMMA = YES;
				CLANG_WARN_CONSTANT_CONVERSION = YES;
				CLANG_WARN_DEPRECATED_OBJC_IMPLEMENTATIONS = YES;
				CLANG_WARN_DIRECT_OBJC_ISA_USAGE = YES_ERROR;
				CLANG_WARN_DOCUMENTATION_COMMENTS = YES;
				CLANG_WARN_EMPTY_BODY = YES;
				CLANG_WARN_ENUM_CONVERSION = YES;
				CLANG_WARN_INFINITE_RECURSION = YES;
				CLANG_WARN_INT_CONVERSION = YES;
				CLANG_WARN_NON_LITERAL_NULL_CONVERSION = YES;
				CLANG_WARN_OBJC_IMPLICIT_RETAIN_SELF = YES;
				CLANG_WARN_OBJC_LITERAL_CONVERSION = YES;
				CLANG_WARN_OBJC_ROOT_CLASS = YES_ERROR;
				CLANG_WARN_QUOTED_INCLUDE_IN_FRAMEWORK_HEADER = YES;
				CLANG_WARN_RANGE_LOOP_ANALYSIS = YES;
				CLANG_WARN_STRICT_PROTOTYPES = YES;
				CLANG_WARN_SUSPICIOUS_MOVE = YES;
				CLANG_WARN_UNGUARDED_AVAILABILITY = YES_AGGRESSIVE;
				CLANG_WARN_UNREACHABLE_CODE = YES;
				CLANG_WARN__DUPLICATE_METHOD_MATCH = YES;
				COPY_PHASE_STRIP = NO;
				DEBUG_INFORMATION_FORMAT = dwarf;
				ENABLE_STRICT_OBJC_MSGSEND = YES;
				ENABLE_TESTABILITY = YES;
				GCC_C_LANGUAGE_STANDARD = gnu11;
				GCC_DYNAMIC_NO_PIC = NO;
				GCC_NO_COMMON_BLOCKS = YES;
				GCC_OPTIMIZATION_LEVEL = 0;
				GCC_PREPROCESSOR_DEFINITIONS = (
					"DEBUG=1",
					"$(inherited)",
				);
				GCC_WARN_64_TO_32_BIT_CONVERSION = YES;
				GCC_WARN_ABOUT_RETURN_TYPE = YES_ERROR;
				GCC_WARN_UNDECLARED_SELECTOR = YES;
				GCC_WARN_UNINITIALIZED_AUTOS = YES_AGGRESSIVE;
				GCC_WARN_UNUSED_FUNCTION = YES;
				GCC_WARN_UNUSED_VARIABLE = YES;
				IPHONEOS_DEPLOYMENT_TARGET = 14.4;
				MTL_ENABLE_DEBUG_INFO = INCLUDE_SOURCE;
				MTL_FAST_MATH = YES;
				ONLY_ACTIVE_ARCH = YES;
				SDKROOT = iphoneos;
				SWIFT_ACTIVE_COMPILATION_CONDITIONS = DEBUG;
				SWIFT_OPTIMIZATION_LEVEL = "-Onone";
			};
			name = Debug;
		};
		EF5BC2AF25CD932D004E8F36 /* Release */ = {
			isa = XCBuildConfiguration;
			buildSettings = {
				ALWAYS_SEARCH_USER_PATHS = NO;
				CLANG_ANALYZER_NONNULL = YES;
				CLANG_ANALYZER_NUMBER_OBJECT_CONVERSION = YES_AGGRESSIVE;
				CLANG_CXX_LANGUAGE_STANDARD = "gnu++14";
				CLANG_CXX_LIBRARY = "libc++";
				CLANG_ENABLE_MODULES = YES;
				CLANG_ENABLE_OBJC_ARC = YES;
				CLANG_ENABLE_OBJC_WEAK = YES;
				CLANG_WARN_BLOCK_CAPTURE_AUTORELEASING = YES;
				CLANG_WARN_BOOL_CONVERSION = YES;
				CLANG_WARN_COMMA = YES;
				CLANG_WARN_CONSTANT_CONVERSION = YES;
				CLANG_WARN_DEPRECATED_OBJC_IMPLEMENTATIONS = YES;
				CLANG_WARN_DIRECT_OBJC_ISA_USAGE = YES_ERROR;
				CLANG_WARN_DOCUMENTATION_COMMENTS = YES;
				CLANG_WARN_EMPTY_BODY = YES;
				CLANG_WARN_ENUM_CONVERSION = YES;
				CLANG_WARN_INFINITE_RECURSION = YES;
				CLANG_WARN_INT_CONVERSION = YES;
				CLANG_WARN_NON_LITERAL_NULL_CONVERSION = YES;
				CLANG_WARN_OBJC_IMPLICIT_RETAIN_SELF = YES;
				CLANG_WARN_OBJC_LITERAL_CONVERSION = YES;
				CLANG_WARN_OBJC_ROOT_CLASS = YES_ERROR;
				CLANG_WARN_QUOTED_INCLUDE_IN_FRAMEWORK_HEADER = YES;
				CLANG_WARN_RANGE_LOOP_ANALYSIS = YES;
				CLANG_WARN_STRICT_PROTOTYPES = YES;
				CLANG_WARN_SUSPICIOUS_MOVE = YES;
				CLANG_WARN_UNGUARDED_AVAILABILITY = YES_AGGRESSIVE;
				CLANG_WARN_UNREACHABLE_CODE = YES;
				CLANG_WARN__DUPLICATE_METHOD_MATCH = YES;
				COPY_PHASE_STRIP = NO;
				DEBUG_INFORMATION_FORMAT = "dwarf-with-dsym";
				ENABLE_NS_ASSERTIONS = NO;
				ENABLE_STRICT_OBJC_MSGSEND = YES;
				GCC_C_LANGUAGE_STANDARD = gnu11;
				GCC_NO_COMMON_BLOCKS = YES;
				GCC_WARN_64_TO_32_BIT_CONVERSION = YES;
				GCC_WARN_ABOUT_RETURN_TYPE = YES_ERROR;
				GCC_WARN_UNDECLARED_SELECTOR = YES;
				GCC_WARN_UNINITIALIZED_AUTOS = YES_AGGRESSIVE;
				GCC_WARN_UNUSED_FUNCTION = YES;
				GCC_WARN_UNUSED_VARIABLE = YES;
				IPHONEOS_DEPLOYMENT_TARGET = 14.4;
				MTL_ENABLE_DEBUG_INFO = NO;
				MTL_FAST_MATH = YES;
				SDKROOT = iphoneos;
				SWIFT_COMPILATION_MODE = wholemodule;
				SWIFT_OPTIMIZATION_LEVEL = "-O";
				VALIDATE_PRODUCT = YES;
			};
			name = Release;
		};
		EF5BC2B125CD932D004E8F36 /* Debug */ = {
			isa = XCBuildConfiguration;
			baseConfigurationReference = FBE4F2F53115BAD43F7483B5 /* Pods-DNA.debug.xcconfig */;
			buildSettings = {
				ASSETCATALOG_COMPILER_APPICON_NAME = AppIcon;
				ASSETCATALOG_COMPILER_GLOBAL_ACCENT_COLOR_NAME = AccentColor;
				CODE_SIGN_STYLE = Automatic;
				DEVELOPMENT_TEAM = 8G67LV27Z4;
				INFOPLIST_FILE = DNA/Info.plist;
				LD_RUNPATH_SEARCH_PATHS = (
					"$(inherited)",
					"@executable_path/Frameworks",
				);
				PRODUCT_BUNDLE_IDENTIFIER = JSY.DNA;
				PRODUCT_NAME = "$(TARGET_NAME)";
				SWIFT_VERSION = 5.0;
				TARGETED_DEVICE_FAMILY = "1,2";
			};
			name = Debug;
		};
		EF5BC2B225CD932D004E8F36 /* Release */ = {
			isa = XCBuildConfiguration;
			baseConfigurationReference = 9CC573ED038C08DCAAA75B74 /* Pods-DNA.release.xcconfig */;
			buildSettings = {
				ASSETCATALOG_COMPILER_APPICON_NAME = AppIcon;
				ASSETCATALOG_COMPILER_GLOBAL_ACCENT_COLOR_NAME = AccentColor;
				CODE_SIGN_STYLE = Automatic;
				DEVELOPMENT_TEAM = 8G67LV27Z4;
				INFOPLIST_FILE = DNA/Info.plist;
				LD_RUNPATH_SEARCH_PATHS = (
					"$(inherited)",
					"@executable_path/Frameworks",
				);
				PRODUCT_BUNDLE_IDENTIFIER = JSY.DNA;
				PRODUCT_NAME = "$(TARGET_NAME)";
				SWIFT_VERSION = 5.0;
				TARGETED_DEVICE_FAMILY = "1,2";
			};
			name = Release;
		};
/* End XCBuildConfiguration section */

/* Begin XCConfigurationList section */
		EF5BC29725CD932B004E8F36 /* Build configuration list for PBXProject "DNA" */ = {
			isa = XCConfigurationList;
			buildConfigurations = (
				EF5BC2AE25CD932D004E8F36 /* Debug */,
				EF5BC2AF25CD932D004E8F36 /* Release */,
			);
			defaultConfigurationIsVisible = 0;
			defaultConfigurationName = Release;
		};
		EF5BC2B025CD932D004E8F36 /* Build configuration list for PBXNativeTarget "DNA" */ = {
			isa = XCConfigurationList;
			buildConfigurations = (
				EF5BC2B125CD932D004E8F36 /* Debug */,
				EF5BC2B225CD932D004E8F36 /* Release */,
			);
			defaultConfigurationIsVisible = 0;
			defaultConfigurationName = Release;
		};
/* End XCConfigurationList section */
	};
	rootObject = EF5BC29425CD932B004E8F36 /* Project object */;
}
