// !$*UTF8*$!
{
	archiveVersion = 1;
	classes = {
	};
	objectVersion = 51;
	objects = {

/* Begin PBXBuildFile section */
		525B62AAA730A8533295E943 /* Pods_DNA.framework in Frameworks */ = {isa = PBXBuildFile; fileRef = FF2D8AEF25646C284EB89224 /* Pods_DNA.framework */; };
		EF8BABD02671FB7C006888AE /* ACommentViewController.swift in Sources */ = {isa = PBXBuildFile; fileRef = EF8BABCF2671FB7C006888AE /* ACommentViewController.swift */; };
		EF8BABD42671FB98006888AE /* GCommentViewController.swift in Sources */ = {isa = PBXBuildFile; fileRef = EF8BABD32671FB98006888AE /* GCommentViewController.swift */; };
		EF8BABD62671FB9F006888AE /* TCommentViewController.swift in Sources */ = {isa = PBXBuildFile; fileRef = EF8BABD52671FB9F006888AE /* TCommentViewController.swift */; };
		EF8BABD82671FBA6006888AE /* CCommentViewController.swift in Sources */ = {isa = PBXBuildFile; fileRef = EF8BABD72671FBA6006888AE /* CCommentViewController.swift */; };
		EF8BABDB2671FBBF006888AE /* ACommentTableViewCell.swift in Sources */ = {isa = PBXBuildFile; fileRef = EF8BABDA2671FBBF006888AE /* ACommentTableViewCell.swift */; };
		EF8BABDD2671FBC8006888AE /* GCommentTableViewCell.swift in Sources */ = {isa = PBXBuildFile; fileRef = EF8BABDC2671FBC8006888AE /* GCommentTableViewCell.swift */; };
		EF8BABDF2671FBCF006888AE /* TCommentTableViewCell.swift in Sources */ = {isa = PBXBuildFile; fileRef = EF8BABDE2671FBCF006888AE /* TCommentTableViewCell.swift */; };
		EF8BABE12671FBD5006888AE /* CCommentTableViewCell.swift in Sources */ = {isa = PBXBuildFile; fileRef = EF8BABE02671FBD5006888AE /* CCommentTableViewCell.swift */; };
		EF99A1232670D46C00CF8CE2 /* Header.swift in Sources */ = {isa = PBXBuildFile; fileRef = EF99A1222670D46C00CF8CE2 /* Header.swift */; };
		EF99A1252670D49700CF8CE2 /* APIProvider.swift in Sources */ = {isa = PBXBuildFile; fileRef = EF99A1242670D49700CF8CE2 /* APIProvider.swift */; };
		EF99A1272670D66A00CF8CE2 /* AuthAPI.swift in Sources */ = {isa = PBXBuildFile; fileRef = EF99A1262670D66A00CF8CE2 /* AuthAPI.swift */; };
		EF99A1292670D67400CF8CE2 /* ListAPI.swift in Sources */ = {isa = PBXBuildFile; fileRef = EF99A1282670D67400CF8CE2 /* ListAPI.swift */; };
		EF99A12B2670D68100CF8CE2 /* CommentListAPI.swift in Sources */ = {isa = PBXBuildFile; fileRef = EF99A12A2670D68100CF8CE2 /* CommentListAPI.swift */; };
		EF99A12D2670D69800CF8CE2 /* HTTPClient.swift in Sources */ = {isa = PBXBuildFile; fileRef = EF99A12C2670D69800CF8CE2 /* HTTPClient.swift */; };
		EF99A130267187A000CF8CE2 /* NanumGothic.otf in Resources */ = {isa = PBXBuildFile; fileRef = EF99A12F2671876E00CF8CE2 /* NanumGothic.otf */; };
		EF99A131267187A400CF8CE2 /* NanumGothicBold.otf in Resources */ = {isa = PBXBuildFile; fileRef = EF99A12E2671876E00CF8CE2 /* NanumGothicBold.otf */; };
		EFFA5D0126703423004A5051 /* AppDelegate.swift in Sources */ = {isa = PBXBuildFile; fileRef = EFFA5D0026703423004A5051 /* AppDelegate.swift */; };
		EFFA5D0326703423004A5051 /* SceneDelegate.swift in Sources */ = {isa = PBXBuildFile; fileRef = EFFA5D0226703423004A5051 /* SceneDelegate.swift */; };
		EFFA5D0526703423004A5051 /* ViewController.swift in Sources */ = {isa = PBXBuildFile; fileRef = EFFA5D0426703423004A5051 /* ViewController.swift */; };
		EFFA5D0826703423004A5051 /* Main.storyboard in Resources */ = {isa = PBXBuildFile; fileRef = EFFA5D0626703423004A5051 /* Main.storyboard */; };
		EFFA5D0A26703425004A5051 /* Assets.xcassets in Resources */ = {isa = PBXBuildFile; fileRef = EFFA5D0926703425004A5051 /* Assets.xcassets */; };
		EFFA5D0D26703425004A5051 /* LaunchScreen.storyboard in Resources */ = {isa = PBXBuildFile; fileRef = EFFA5D0B26703425004A5051 /* LaunchScreen.storyboard */; };
		EFFA5D1B2670C781004A5051 /* ViewControllerExtension.swift in Sources */ = {isa = PBXBuildFile; fileRef = EFFA5D1A2670C781004A5051 /* ViewControllerExtension.swift */; };
		EFFA5D202670C7D2004A5051 /* SignInModel.swift in Sources */ = {isa = PBXBuildFile; fileRef = EFFA5D1F2670C7D2004A5051 /* SignInModel.swift */; };
		EFFA5D222670C845004A5051 /* TimeLineResponseModel.swift in Sources */ = {isa = PBXBuildFile; fileRef = EFFA5D212670C845004A5051 /* TimeLineResponseModel.swift */; };
		EFFA5D242670C856004A5051 /* MainListModel.swift in Sources */ = {isa = PBXBuildFile; fileRef = EFFA5D232670C856004A5051 /* MainListModel.swift */; };
		EFFA5D262670C873004A5051 /* CommentResponse.swift in Sources */ = {isa = PBXBuildFile; fileRef = EFFA5D252670C873004A5051 /* CommentResponse.swift */; };
		EFFA5D282670C890004A5051 /* CommentListModel.swift in Sources */ = {isa = PBXBuildFile; fileRef = EFFA5D272670C890004A5051 /* CommentListModel.swift */; };
		EFFA5D2E2670CB8C004A5051 /* LoginViewController.swift in Sources */ = {isa = PBXBuildFile; fileRef = EFFA5D2D2670CB8C004A5051 /* LoginViewController.swift */; };
		EFFA5D302670CB93004A5051 /* SignUpViewController.swift in Sources */ = {isa = PBXBuildFile; fileRef = EFFA5D2F2670CB93004A5051 /* SignUpViewController.swift */; };
		EFFA5D322670CBB2004A5051 /* LogoutViewController.swift in Sources */ = {isa = PBXBuildFile; fileRef = EFFA5D312670CBB2004A5051 /* LogoutViewController.swift */; };
		EFFA5D342670CBB8004A5051 /* MenuViewController.swift in Sources */ = {isa = PBXBuildFile; fileRef = EFFA5D332670CBB8004A5051 /* MenuViewController.swift */; };
		EFFA5D362670CBC3004A5051 /* WritingViewController.swift in Sources */ = {isa = PBXBuildFile; fileRef = EFFA5D352670CBC3004A5051 /* WritingViewController.swift */; };
		EFFA5D3F2670CCF8004A5051 /* ACell.swift in Sources */ = {isa = PBXBuildFile; fileRef = EFFA5D3E2670CCF8004A5051 /* ACell.swift */; };
		EFFA5D412670CD03004A5051 /* GCell.swift in Sources */ = {isa = PBXBuildFile; fileRef = EFFA5D402670CD03004A5051 /* GCell.swift */; };
		EFFA5D432670CD0B004A5051 /* TCell.swift in Sources */ = {isa = PBXBuildFile; fileRef = EFFA5D422670CD0B004A5051 /* TCell.swift */; };
		EFFA5D452670CD15004A5051 /* CCell.swift in Sources */ = {isa = PBXBuildFile; fileRef = EFFA5D442670CD15004A5051 /* CCell.swift */; };
		EFFA5D472670CD54004A5051 /* AViewController.swift in Sources */ = {isa = PBXBuildFile; fileRef = EFFA5D462670CD54004A5051 /* AViewController.swift */; };
		EFFA5D492670CD59004A5051 /* GViewController.swift in Sources */ = {isa = PBXBuildFile; fileRef = EFFA5D482670CD59004A5051 /* GViewController.swift */; };
		EFFA5D4B2670CD5F004A5051 /* TViewController.swift in Sources */ = {isa = PBXBuildFile; fileRef = EFFA5D4A2670CD5F004A5051 /* TViewController.swift */; };
		EFFA5D4D2670CD63004A5051 /* CViewController.swift in Sources */ = {isa = PBXBuildFile; fileRef = EFFA5D4C2670CD63004A5051 /* CViewController.swift */; };
/* End PBXBuildFile section */

/* Begin PBXFileReference section */
		0942A28C3EA5D8319B033FC6 /* Pods-DNA.debug.xcconfig */ = {isa = PBXFileReference; includeInIndex = 1; lastKnownFileType = text.xcconfig; name = "Pods-DNA.debug.xcconfig"; path = "Target Support Files/Pods-DNA/Pods-DNA.debug.xcconfig"; sourceTree = "<group>"; };
		7D65417D055BEC8A8AB319F9 /* Pods-DNA.release.xcconfig */ = {isa = PBXFileReference; includeInIndex = 1; lastKnownFileType = text.xcconfig; name = "Pods-DNA.release.xcconfig"; path = "Target Support Files/Pods-DNA/Pods-DNA.release.xcconfig"; sourceTree = "<group>"; };
		EF8BABCF2671FB7C006888AE /* ACommentViewController.swift */ = {isa = PBXFileReference; lastKnownFileType = sourcecode.swift; path = ACommentViewController.swift; sourceTree = "<group>"; };
		EF8BABD32671FB98006888AE /* GCommentViewController.swift */ = {isa = PBXFileReference; lastKnownFileType = sourcecode.swift; path = GCommentViewController.swift; sourceTree = "<group>"; };
		EF8BABD52671FB9F006888AE /* TCommentViewController.swift */ = {isa = PBXFileReference; lastKnownFileType = sourcecode.swift; path = TCommentViewController.swift; sourceTree = "<group>"; };
		EF8BABD72671FBA6006888AE /* CCommentViewController.swift */ = {isa = PBXFileReference; lastKnownFileType = sourcecode.swift; path = CCommentViewController.swift; sourceTree = "<group>"; };
		EF8BABDA2671FBBF006888AE /* ACommentTableViewCell.swift */ = {isa = PBXFileReference; lastKnownFileType = sourcecode.swift; path = ACommentTableViewCell.swift; sourceTree = "<group>"; };
		EF8BABDC2671FBC8006888AE /* GCommentTableViewCell.swift */ = {isa = PBXFileReference; lastKnownFileType = sourcecode.swift; path = GCommentTableViewCell.swift; sourceTree = "<group>"; };
		EF8BABDE2671FBCF006888AE /* TCommentTableViewCell.swift */ = {isa = PBXFileReference; lastKnownFileType = sourcecode.swift; path = TCommentTableViewCell.swift; sourceTree = "<group>"; };
		EF8BABE02671FBD5006888AE /* CCommentTableViewCell.swift */ = {isa = PBXFileReference; lastKnownFileType = sourcecode.swift; path = CCommentTableViewCell.swift; sourceTree = "<group>"; };
		EF99A1222670D46C00CF8CE2 /* Header.swift */ = {isa = PBXFileReference; lastKnownFileType = sourcecode.swift; path = Header.swift; sourceTree = "<group>"; };
		EF99A1242670D49700CF8CE2 /* APIProvider.swift */ = {isa = PBXFileReference; lastKnownFileType = sourcecode.swift; path = APIProvider.swift; sourceTree = "<group>"; };
		EF99A1262670D66A00CF8CE2 /* AuthAPI.swift */ = {isa = PBXFileReference; lastKnownFileType = sourcecode.swift; path = AuthAPI.swift; sourceTree = "<group>"; };
		EF99A1282670D67400CF8CE2 /* ListAPI.swift */ = {isa = PBXFileReference; lastKnownFileType = sourcecode.swift; path = ListAPI.swift; sourceTree = "<group>"; };
		EF99A12A2670D68100CF8CE2 /* CommentListAPI.swift */ = {isa = PBXFileReference; lastKnownFileType = sourcecode.swift; path = CommentListAPI.swift; sourceTree = "<group>"; };
		EF99A12C2670D69800CF8CE2 /* HTTPClient.swift */ = {isa = PBXFileReference; lastKnownFileType = sourcecode.swift; path = HTTPClient.swift; sourceTree = "<group>"; };
		EF99A12E2671876E00CF8CE2 /* NanumGothicBold.otf */ = {isa = PBXFileReference; lastKnownFileType = file; path = NanumGothicBold.otf; sourceTree = "<group>"; };
		EF99A12F2671876E00CF8CE2 /* NanumGothic.otf */ = {isa = PBXFileReference; lastKnownFileType = file; path = NanumGothic.otf; sourceTree = "<group>"; };
		EFFA5CFD26703423004A5051 /* DNA.app */ = {isa = PBXFileReference; explicitFileType = wrapper.application; includeInIndex = 0; path = DNA.app; sourceTree = BUILT_PRODUCTS_DIR; };
		EFFA5D0026703423004A5051 /* AppDelegate.swift */ = {isa = PBXFileReference; lastKnownFileType = sourcecode.swift; path = AppDelegate.swift; sourceTree = "<group>"; };
		EFFA5D0226703423004A5051 /* SceneDelegate.swift */ = {isa = PBXFileReference; lastKnownFileType = sourcecode.swift; path = SceneDelegate.swift; sourceTree = "<group>"; };
		EFFA5D0426703423004A5051 /* ViewController.swift */ = {isa = PBXFileReference; lastKnownFileType = sourcecode.swift; path = ViewController.swift; sourceTree = "<group>"; };
		EFFA5D0726703423004A5051 /* Base */ = {isa = PBXFileReference; lastKnownFileType = file.storyboard; name = Base; path = Base.lproj/Main.storyboard; sourceTree = "<group>"; };
		EFFA5D0926703425004A5051 /* Assets.xcassets */ = {isa = PBXFileReference; lastKnownFileType = folder.assetcatalog; path = Assets.xcassets; sourceTree = "<group>"; };
		EFFA5D0C26703425004A5051 /* Base */ = {isa = PBXFileReference; lastKnownFileType = file.storyboard; name = Base; path = Base.lproj/LaunchScreen.storyboard; sourceTree = "<group>"; };
		EFFA5D0E26703425004A5051 /* Info.plist */ = {isa = PBXFileReference; lastKnownFileType = text.plist.xml; path = Info.plist; sourceTree = "<group>"; };
		EFFA5D1A2670C781004A5051 /* ViewControllerExtension.swift */ = {isa = PBXFileReference; lastKnownFileType = sourcecode.swift; path = ViewControllerExtension.swift; sourceTree = "<group>"; };
		EFFA5D1F2670C7D2004A5051 /* SignInModel.swift */ = {isa = PBXFileReference; lastKnownFileType = sourcecode.swift; path = SignInModel.swift; sourceTree = "<group>"; };
		EFFA5D212670C845004A5051 /* TimeLineResponseModel.swift */ = {isa = PBXFileReference; lastKnownFileType = sourcecode.swift; path = TimeLineResponseModel.swift; sourceTree = "<group>"; };
		EFFA5D232670C856004A5051 /* MainListModel.swift */ = {isa = PBXFileReference; lastKnownFileType = sourcecode.swift; path = MainListModel.swift; sourceTree = "<group>"; };
		EFFA5D252670C873004A5051 /* CommentResponse.swift */ = {isa = PBXFileReference; lastKnownFileType = sourcecode.swift; path = CommentResponse.swift; sourceTree = "<group>"; };
		EFFA5D272670C890004A5051 /* CommentListModel.swift */ = {isa = PBXFileReference; lastKnownFileType = sourcecode.swift; path = CommentListModel.swift; sourceTree = "<group>"; };
		EFFA5D2D2670CB8C004A5051 /* LoginViewController.swift */ = {isa = PBXFileReference; lastKnownFileType = sourcecode.swift; path = LoginViewController.swift; sourceTree = "<group>"; };
		EFFA5D2F2670CB93004A5051 /* SignUpViewController.swift */ = {isa = PBXFileReference; lastKnownFileType = sourcecode.swift; path = SignUpViewController.swift; sourceTree = "<group>"; };
		EFFA5D312670CBB2004A5051 /* LogoutViewController.swift */ = {isa = PBXFileReference; lastKnownFileType = sourcecode.swift; path = LogoutViewController.swift; sourceTree = "<group>"; };
		EFFA5D332670CBB8004A5051 /* MenuViewController.swift */ = {isa = PBXFileReference; lastKnownFileType = sourcecode.swift; path = MenuViewController.swift; sourceTree = "<group>"; };
		EFFA5D352670CBC3004A5051 /* WritingViewController.swift */ = {isa = PBXFileReference; lastKnownFileType = sourcecode.swift; path = WritingViewController.swift; sourceTree = "<group>"; };
		EFFA5D3E2670CCF8004A5051 /* ACell.swift */ = {isa = PBXFileReference; lastKnownFileType = sourcecode.swift; path = ACell.swift; sourceTree = "<group>"; };
		EFFA5D402670CD03004A5051 /* GCell.swift */ = {isa = PBXFileReference; lastKnownFileType = sourcecode.swift; path = GCell.swift; sourceTree = "<group>"; };
		EFFA5D422670CD0B004A5051 /* TCell.swift */ = {isa = PBXFileReference; lastKnownFileType = sourcecode.swift; path = TCell.swift; sourceTree = "<group>"; };
		EFFA5D442670CD15004A5051 /* CCell.swift */ = {isa = PBXFileReference; lastKnownFileType = sourcecode.swift; path = CCell.swift; sourceTree = "<group>"; };
		EFFA5D462670CD54004A5051 /* AViewController.swift */ = {isa = PBXFileReference; lastKnownFileType = sourcecode.swift; path = AViewController.swift; sourceTree = "<group>"; };
		EFFA5D482670CD59004A5051 /* GViewController.swift */ = {isa = PBXFileReference; lastKnownFileType = sourcecode.swift; path = GViewController.swift; sourceTree = "<group>"; };
		EFFA5D4A2670CD5F004A5051 /* TViewController.swift */ = {isa = PBXFileReference; lastKnownFileType = sourcecode.swift; path = TViewController.swift; sourceTree = "<group>"; };
		EFFA5D4C2670CD63004A5051 /* CViewController.swift */ = {isa = PBXFileReference; lastKnownFileType = sourcecode.swift; path = CViewController.swift; sourceTree = "<group>"; };
		FF2D8AEF25646C284EB89224 /* Pods_DNA.framework */ = {isa = PBXFileReference; explicitFileType = wrapper.framework; includeInIndex = 0; path = Pods_DNA.framework; sourceTree = BUILT_PRODUCTS_DIR; };
/* End PBXFileReference section */

/* Begin PBXFrameworksBuildPhase section */
		EFFA5CFA26703423004A5051 /* Frameworks */ = {
			isa = PBXFrameworksBuildPhase;
			buildActionMask = 2147483647;
			files = (
				525B62AAA730A8533295E943 /* Pods_DNA.framework in Frameworks */,
			);
			runOnlyForDeploymentPostprocessing = 0;
		};
/* End PBXFrameworksBuildPhase section */

/* Begin PBXGroup section */
		3CF545C5D4569C94B494DCFA /* Pods */ = {
			isa = PBXGroup;
			children = (
				0942A28C3EA5D8319B033FC6 /* Pods-DNA.debug.xcconfig */,
				7D65417D055BEC8A8AB319F9 /* Pods-DNA.release.xcconfig */,
			);
			path = Pods;
			sourceTree = "<group>";
		};
		556204EE76B0321CF76F85E7 /* Frameworks */ = {
			isa = PBXGroup;
			children = (
				FF2D8AEF25646C284EB89224 /* Pods_DNA.framework */,
			);
			name = Frameworks;
			sourceTree = "<group>";
		};
		EF8BABD92671FBAA006888AE /* Cells */ = {
			isa = PBXGroup;
			children = (
				EF8BABDA2671FBBF006888AE /* ACommentTableViewCell.swift */,
				EF8BABDC2671FBC8006888AE /* GCommentTableViewCell.swift */,
				EF8BABDE2671FBCF006888AE /* TCommentTableViewCell.swift */,
				EF8BABE02671FBD5006888AE /* CCommentTableViewCell.swift */,
			);
			path = Cells;
			sourceTree = "<group>";
		};
		EF99A1202670D37600CF8CE2 /* API */ = {
			isa = PBXGroup;
			children = (
				EF99A1242670D49700CF8CE2 /* APIProvider.swift */,
				EF99A1262670D66A00CF8CE2 /* AuthAPI.swift */,
				EF99A1282670D67400CF8CE2 /* ListAPI.swift */,
				EF99A12A2670D68100CF8CE2 /* CommentListAPI.swift */,
			);
			path = API;
			sourceTree = "<group>";
		};
		EF99A1212670D38300CF8CE2 /* Header */ = {
			isa = PBXGroup;
			children = (
				EF99A1222670D46C00CF8CE2 /* Header.swift */,
			);
			path = Header;
			sourceTree = "<group>";
		};
		EFFA5CF426703423004A5051 = {
			isa = PBXGroup;
			children = (
				EFFA5CFF26703423004A5051 /* DNA */,
				EFFA5CFE26703423004A5051 /* Products */,
				3CF545C5D4569C94B494DCFA /* Pods */,
				556204EE76B0321CF76F85E7 /* Frameworks */,
			);
			sourceTree = "<group>";
		};
		EFFA5CFE26703423004A5051 /* Products */ = {
			isa = PBXGroup;
			children = (
				EFFA5CFD26703423004A5051 /* DNA.app */,
			);
			name = Products;
			sourceTree = "<group>";
		};
		EFFA5CFF26703423004A5051 /* DNA */ = {
			isa = PBXGroup;
			children = (
				EFFA5D192670C747004A5051 /* UI */,
				EFFA5D182670C742004A5051 /* Model */,
				EFFA5D172670C73D004A5051 /* VC */,
				EFFA5D162670C733004A5051 /* Extenstion */,
				EFFA5D142670C721004A5051 /* Networking */,
				EFFA5D0026703423004A5051 /* AppDelegate.swift */,
				EFFA5D0226703423004A5051 /* SceneDelegate.swift */,
				EFFA5D0426703423004A5051 /* ViewController.swift */,
				EFFA5D0926703425004A5051 /* Assets.xcassets */,
				EFFA5D0B26703425004A5051 /* LaunchScreen.storyboard */,
				EFFA5D0E26703425004A5051 /* Info.plist */,
				EF99A12F2671876E00CF8CE2 /* NanumGothic.otf */,
				EF99A12E2671876E00CF8CE2 /* NanumGothicBold.otf */,
			);
			path = DNA;
			sourceTree = "<group>";
		};
		EFFA5D142670C721004A5051 /* Networking */ = {
			isa = PBXGroup;
			children = (
				EF99A12C2670D69800CF8CE2 /* HTTPClient.swift */,
				EF99A1212670D38300CF8CE2 /* Header */,
				EF99A1202670D37600CF8CE2 /* API */,
			);
			path = Networking;
			sourceTree = "<group>";
		};
		EFFA5D162670C733004A5051 /* Extenstion */ = {
			isa = PBXGroup;
			children = (
				EFFA5D1A2670C781004A5051 /* ViewControllerExtension.swift */,
			);
			path = Extenstion;
			sourceTree = "<group>";
		};
		EFFA5D172670C73D004A5051 /* VC */ = {
			isa = PBXGroup;
			children = (
				EFFA5D2C2670CB6E004A5051 /* Auth */,
				EFFA5D2B2670CB66004A5051 /* TableView */,
				EFFA5D2A2670CB5C004A5051 /* Tab Bar */,
				EFFA5D292670CB57004A5051 /* Comment */,
			);
			path = VC;
			sourceTree = "<group>";
		};
		EFFA5D182670C742004A5051 /* Model */ = {
			isa = PBXGroup;
			children = (
				EFFA5D1E2670C7BF004A5051 /* Auth */,
				EFFA5D1D2670C7B5004A5051 /* TableView */,
				EFFA5D1C2670C7AB004A5051 /* Comment */,
			);
			path = Model;
			sourceTree = "<group>";
		};
		EFFA5D192670C747004A5051 /* UI */ = {
			isa = PBXGroup;
			children = (
				EFFA5D0626703423004A5051 /* Main.storyboard */,
			);
			path = UI;
			sourceTree = "<group>";
		};
		EFFA5D1C2670C7AB004A5051 /* Comment */ = {
			isa = PBXGroup;
			children = (
				EFFA5D252670C873004A5051 /* CommentResponse.swift */,
				EFFA5D272670C890004A5051 /* CommentListModel.swift */,
			);
			path = Comment;
			sourceTree = "<group>";
		};
		EFFA5D1D2670C7B5004A5051 /* TableView */ = {
			isa = PBXGroup;
			children = (
				EFFA5D212670C845004A5051 /* TimeLineResponseModel.swift */,
				EFFA5D232670C856004A5051 /* MainListModel.swift */,
			);
			path = TableView;
			sourceTree = "<group>";
		};
		EFFA5D1E2670C7BF004A5051 /* Auth */ = {
			isa = PBXGroup;
			children = (
				EFFA5D1F2670C7D2004A5051 /* SignInModel.swift */,
			);
			path = Auth;
			sourceTree = "<group>";
		};
		EFFA5D292670CB57004A5051 /* Comment */ = {
			isa = PBXGroup;
			children = (
				EF8BABD92671FBAA006888AE /* Cells */,
				EF8BABCF2671FB7C006888AE /* ACommentViewController.swift */,
				EF8BABD32671FB98006888AE /* GCommentViewController.swift */,
				EF8BABD52671FB9F006888AE /* TCommentViewController.swift */,
				EF8BABD72671FBA6006888AE /* CCommentViewController.swift */,
			);
			path = Comment;
			sourceTree = "<group>";
		};
		EFFA5D2A2670CB5C004A5051 /* Tab Bar */ = {
			isa = PBXGroup;
			children = (
				EFFA5D312670CBB2004A5051 /* LogoutViewController.swift */,
				EFFA5D332670CBB8004A5051 /* MenuViewController.swift */,
				EFFA5D352670CBC3004A5051 /* WritingViewController.swift */,
			);
			path = "Tab Bar";
			sourceTree = "<group>";
		};
		EFFA5D2B2670CB66004A5051 /* TableView */ = {
			isa = PBXGroup;
			children = (
				EFFA5D372670CBCE004A5051 /* TableViewCell */,
				EFFA5D462670CD54004A5051 /* AViewController.swift */,
				EFFA5D482670CD59004A5051 /* GViewController.swift */,
				EFFA5D4A2670CD5F004A5051 /* TViewController.swift */,
				EFFA5D4C2670CD63004A5051 /* CViewController.swift */,
			);
			path = TableView;
			sourceTree = "<group>";
		};
		EFFA5D2C2670CB6E004A5051 /* Auth */ = {
			isa = PBXGroup;
			children = (
				EFFA5D2D2670CB8C004A5051 /* LoginViewController.swift */,
				EFFA5D2F2670CB93004A5051 /* SignUpViewController.swift */,
			);
			path = Auth;
			sourceTree = "<group>";
		};
		EFFA5D372670CBCE004A5051 /* TableViewCell */ = {
			isa = PBXGroup;
			children = (
				EFFA5D3E2670CCF8004A5051 /* ACell.swift */,
				EFFA5D402670CD03004A5051 /* GCell.swift */,
				EFFA5D422670CD0B004A5051 /* TCell.swift */,
				EFFA5D442670CD15004A5051 /* CCell.swift */,
			);
			path = TableViewCell;
			sourceTree = "<group>";
		};
/* End PBXGroup section */

/* Begin PBXNativeTarget section */
		EFFA5CFC26703423004A5051 /* DNA */ = {
			isa = PBXNativeTarget;
			buildConfigurationList = EFFA5D1126703425004A5051 /* Build configuration list for PBXNativeTarget "DNA" */;
			buildPhases = (
				B598B4E96AA417EC091E4F7C /* [CP] Check Pods Manifest.lock */,
				EFFA5CF926703423004A5051 /* Sources */,
				EFFA5CFA26703423004A5051 /* Frameworks */,
				EFFA5CFB26703423004A5051 /* Resources */,
				8390F3FCF4B0B70777BD3D9D /* [CP] Embed Pods Frameworks */,
			);
			buildRules = (
			);
			dependencies = (
			);
			name = DNA;
			productName = DNA;
			productReference = EFFA5CFD26703423004A5051 /* DNA.app */;
			productType = "com.apple.product-type.application";
		};
/* End PBXNativeTarget section */

/* Begin PBXProject section */
		EFFA5CF526703423004A5051 /* Project object */ = {
			isa = PBXProject;
			attributes = {
				LastSwiftUpdateCheck = 1250;
				LastUpgradeCheck = 1250;
				TargetAttributes = {
					EFFA5CFC26703423004A5051 = {
						CreatedOnToolsVersion = 12.5;
					};
				};
			};
			buildConfigurationList = EFFA5CF826703423004A5051 /* Build configuration list for PBXProject "DNA" */;
			compatibilityVersion = "Xcode 9.3";
			developmentRegion = en;
			hasScannedForEncodings = 0;
			knownRegions = (
				en,
				Base,
			);
			mainGroup = EFFA5CF426703423004A5051;
			productRefGroup = EFFA5CFE26703423004A5051 /* Products */;
			projectDirPath = "";
			projectRoot = "";
			targets = (
				EFFA5CFC26703423004A5051 /* DNA */,
			);
		};
/* End PBXProject section */

/* Begin PBXResourcesBuildPhase section */
		EFFA5CFB26703423004A5051 /* Resources */ = {
			isa = PBXResourcesBuildPhase;
			buildActionMask = 2147483647;
			files = (
				EFFA5D0D26703425004A5051 /* LaunchScreen.storyboard in Resources */,
				EFFA5D0A26703425004A5051 /* Assets.xcassets in Resources */,
				EFFA5D0826703423004A5051 /* Main.storyboard in Resources */,
				EF99A131267187A400CF8CE2 /* NanumGothicBold.otf in Resources */,
				EF99A130267187A000CF8CE2 /* NanumGothic.otf in Resources */,
			);
			runOnlyForDeploymentPostprocessing = 0;
		};
/* End PBXResourcesBuildPhase section */

/* Begin PBXShellScriptBuildPhase section */
		8390F3FCF4B0B70777BD3D9D /* [CP] Embed Pods Frameworks */ = {
			isa = PBXShellScriptBuildPhase;
			buildActionMask = 2147483647;
			files = (
			);
			inputFileListPaths = (
				"${PODS_ROOT}/Target Support Files/Pods-DNA/Pods-DNA-frameworks-${CONFIGURATION}-input-files.xcfilelist",
			);
			name = "[CP] Embed Pods Frameworks";
			outputFileListPaths = (
				"${PODS_ROOT}/Target Support Files/Pods-DNA/Pods-DNA-frameworks-${CONFIGURATION}-output-files.xcfilelist",
			);
			runOnlyForDeploymentPostprocessing = 0;
			shellPath = /bin/sh;
			shellScript = "\"${PODS_ROOT}/Target Support Files/Pods-DNA/Pods-DNA-frameworks.sh\"\n";
			showEnvVarsInLog = 0;
		};
		B598B4E96AA417EC091E4F7C /* [CP] Check Pods Manifest.lock */ = {
			isa = PBXShellScriptBuildPhase;
			buildActionMask = 2147483647;
			files = (
			);
			inputFileListPaths = (
			);
			inputPaths = (
				"${PODS_PODFILE_DIR_PATH}/Podfile.lock",
				"${PODS_ROOT}/Manifest.lock",
			);
			name = "[CP] Check Pods Manifest.lock";
			outputFileListPaths = (
			);
			outputPaths = (
				"$(DERIVED_FILE_DIR)/Pods-DNA-checkManifestLockResult.txt",
			);
			runOnlyForDeploymentPostprocessing = 0;
			shellPath = /bin/sh;
			shellScript = "diff \"${PODS_PODFILE_DIR_PATH}/Podfile.lock\" \"${PODS_ROOT}/Manifest.lock\" > /dev/null\nif [ $? != 0 ] ; then\n    # print error to STDERR\n    echo \"error: The sandbox is not in sync with the Podfile.lock. Run 'pod install' or update your CocoaPods installation.\" >&2\n    exit 1\nfi\n# This output is used by Xcode 'outputs' to avoid re-running this script phase.\necho \"SUCCESS\" > \"${SCRIPT_OUTPUT_FILE_0}\"\n";
			showEnvVarsInLog = 0;
		};
/* End PBXShellScriptBuildPhase section */

/* Begin PBXSourcesBuildPhase section */
		EFFA5CF926703423004A5051 /* Sources */ = {
			isa = PBXSourcesBuildPhase;
			buildActionMask = 2147483647;
			files = (
				EFFA5D302670CB93004A5051 /* SignUpViewController.swift in Sources */,
				EFFA5D4B2670CD5F004A5051 /* TViewController.swift in Sources */,
				EFFA5D362670CBC3004A5051 /* WritingViewController.swift in Sources */,
				EF99A12B2670D68100CF8CE2 /* CommentListAPI.swift in Sources */,
				EFFA5D242670C856004A5051 /* MainListModel.swift in Sources */,
				EFFA5D1B2670C781004A5051 /* ViewControllerExtension.swift in Sources */,
				EFFA5D262670C873004A5051 /* CommentResponse.swift in Sources */,
				EF8BABDB2671FBBF006888AE /* ACommentTableViewCell.swift in Sources */,
				EFFA5D452670CD15004A5051 /* CCell.swift in Sources */,
				EFFA5D0526703423004A5051 /* ViewController.swift in Sources */,
				EFFA5D282670C890004A5051 /* CommentListModel.swift in Sources */,
				EF8BABD42671FB98006888AE /* GCommentViewController.swift in Sources */,
				EF99A12D2670D69800CF8CE2 /* HTTPClient.swift in Sources */,
				EF8BABDF2671FBCF006888AE /* TCommentTableViewCell.swift in Sources */,
				EF8BABD82671FBA6006888AE /* CCommentViewController.swift in Sources */,
				EFFA5D0126703423004A5051 /* AppDelegate.swift in Sources */,
				EFFA5D342670CBB8004A5051 /* MenuViewController.swift in Sources */,
				EF8BABD02671FB7C006888AE /* ACommentViewController.swift in Sources */,
				EFFA5D0326703423004A5051 /* SceneDelegate.swift in Sources */,
				EFFA5D432670CD0B004A5051 /* TCell.swift in Sources */,
				EF99A1232670D46C00CF8CE2 /* Header.swift in Sources */,
				EFFA5D3F2670CCF8004A5051 /* ACell.swift in Sources */,
				EFFA5D202670C7D2004A5051 /* SignInModel.swift in Sources */,
				EF99A1272670D66A00CF8CE2 /* AuthAPI.swift in Sources */,
				EF8BABDD2671FBC8006888AE /* GCommentTableViewCell.swift in Sources */,
				EFFA5D2E2670CB8C004A5051 /* LoginViewController.swift in Sources */,
				EF99A1252670D49700CF8CE2 /* APIProvider.swift in Sources */,
				EF8BABE12671FBD5006888AE /* CCommentTableViewCell.swift in Sources */,
				EFFA5D472670CD54004A5051 /* AViewController.swift in Sources */,
				EFFA5D412670CD03004A5051 /* GCell.swift in Sources */,
				EFFA5D4D2670CD63004A5051 /* CViewController.swift in Sources */,
				EFFA5D322670CBB2004A5051 /* LogoutViewController.swift in Sources */,
				EFFA5D492670CD59004A5051 /* GViewController.swift in Sources */,
				EF8BABD62671FB9F006888AE /* TCommentViewController.swift in Sources */,
				EF99A1292670D67400CF8CE2 /* ListAPI.swift in Sources */,
				EFFA5D222670C845004A5051 /* TimeLineResponseModel.swift in Sources */,
			);
			runOnlyForDeploymentPostprocessing = 0;
		};
/* End PBXSourcesBuildPhase section */

/* Begin PBXVariantGroup section */
		EFFA5D0626703423004A5051 /* Main.storyboard */ = {
			isa = PBXVariantGroup;
			children = (
				EFFA5D0726703423004A5051 /* Base */,
			);
			name = Main.storyboard;
			sourceTree = "<group>";
		};
		EFFA5D0B26703425004A5051 /* LaunchScreen.storyboard */ = {
			isa = PBXVariantGroup;
			children = (
				EFFA5D0C26703425004A5051 /* Base */,
			);
			name = LaunchScreen.storyboard;
			sourceTree = "<group>";
		};
/* End PBXVariantGroup section */

/* Begin XCBuildConfiguration section */
		EFFA5D0F26703425004A5051 /* Debug */ = {
			isa = XCBuildConfiguration;
			buildSettings = {
				ALWAYS_SEARCH_USER_PATHS = NO;
				CLANG_ANALYZER_NONNULL = YES;
				CLANG_ANALYZER_NUMBER_OBJECT_CONVERSION = YES_AGGRESSIVE;
				CLANG_CXX_LANGUAGE_STANDARD = "gnu++14";
				CLANG_CXX_LIBRARY = "libc++";
				CLANG_ENABLE_MODULES = YES;
				CLANG_ENABLE_OBJC_ARC = YES;
				CLANG_ENABLE_OBJC_WEAK = YES;
				CLANG_WARN_BLOCK_CAPTURE_AUTORELEASING = YES;
				CLANG_WARN_BOOL_CONVERSION = YES;
				CLANG_WARN_COMMA = YES;
				CLANG_WARN_CONSTANT_CONVERSION = YES;
				CLANG_WARN_DEPRECATED_OBJC_IMPLEMENTATIONS = YES;
				CLANG_WARN_DIRECT_OBJC_ISA_USAGE = YES_ERROR;
				CLANG_WARN_DOCUMENTATION_COMMENTS = YES;
				CLANG_WARN_EMPTY_BODY = YES;
				CLANG_WARN_ENUM_CONVERSION = YES;
				CLANG_WARN_INFINITE_RECURSION = YES;
				CLANG_WARN_INT_CONVERSION = YES;
				CLANG_WARN_NON_LITERAL_NULL_CONVERSION = YES;
				CLANG_WARN_OBJC_IMPLICIT_RETAIN_SELF = YES;
				CLANG_WARN_OBJC_LITERAL_CONVERSION = YES;
				CLANG_WARN_OBJC_ROOT_CLASS = YES_ERROR;
				CLANG_WARN_QUOTED_INCLUDE_IN_FRAMEWORK_HEADER = YES;
				CLANG_WARN_RANGE_LOOP_ANALYSIS = YES;
				CLANG_WARN_STRICT_PROTOTYPES = YES;
				CLANG_WARN_SUSPICIOUS_MOVE = YES;
				CLANG_WARN_UNGUARDED_AVAILABILITY = YES_AGGRESSIVE;
				CLANG_WARN_UNREACHABLE_CODE = YES;
				CLANG_WARN__DUPLICATE_METHOD_MATCH = YES;
				COPY_PHASE_STRIP = NO;
				DEBUG_INFORMATION_FORMAT = dwarf;
				ENABLE_STRICT_OBJC_MSGSEND = YES;
				ENABLE_TESTABILITY = YES;
				GCC_C_LANGUAGE_STANDARD = gnu11;
				GCC_DYNAMIC_NO_PIC = NO;
				GCC_NO_COMMON_BLOCKS = YES;
				GCC_OPTIMIZATION_LEVEL = 0;
				GCC_PREPROCESSOR_DEFINITIONS = (
					"DEBUG=1",
					"$(inherited)",
				);
				GCC_WARN_64_TO_32_BIT_CONVERSION = YES;
				GCC_WARN_ABOUT_RETURN_TYPE = YES_ERROR;
				GCC_WARN_UNDECLARED_SELECTOR = YES;
				GCC_WARN_UNINITIALIZED_AUTOS = YES_AGGRESSIVE;
				GCC_WARN_UNUSED_FUNCTION = YES;
				GCC_WARN_UNUSED_VARIABLE = YES;
				IPHONEOS_DEPLOYMENT_TARGET = 14.5;
				MTL_ENABLE_DEBUG_INFO = INCLUDE_SOURCE;
				MTL_FAST_MATH = YES;
				ONLY_ACTIVE_ARCH = YES;
				SDKROOT = iphoneos;
				SWIFT_ACTIVE_COMPILATION_CONDITIONS = DEBUG;
				SWIFT_OPTIMIZATION_LEVEL = "-Onone";
			};
			name = Debug;
		};
		EFFA5D1026703425004A5051 /* Release */ = {
			isa = XCBuildConfiguration;
			buildSettings = {
				ALWAYS_SEARCH_USER_PATHS = NO;
				CLANG_ANALYZER_NONNULL = YES;
				CLANG_ANALYZER_NUMBER_OBJECT_CONVERSION = YES_AGGRESSIVE;
				CLANG_CXX_LANGUAGE_STANDARD = "gnu++14";
				CLANG_CXX_LIBRARY = "libc++";
				CLANG_ENABLE_MODULES = YES;
				CLANG_ENABLE_OBJC_ARC = YES;
				CLANG_ENABLE_OBJC_WEAK = YES;
				CLANG_WARN_BLOCK_CAPTURE_AUTORELEASING = YES;
				CLANG_WARN_BOOL_CONVERSION = YES;
				CLANG_WARN_COMMA = YES;
				CLANG_WARN_CONSTANT_CONVERSION = YES;
				CLANG_WARN_DEPRECATED_OBJC_IMPLEMENTATIONS = YES;
				CLANG_WARN_DIRECT_OBJC_ISA_USAGE = YES_ERROR;
				CLANG_WARN_DOCUMENTATION_COMMENTS = YES;
				CLANG_WARN_EMPTY_BODY = YES;
				CLANG_WARN_ENUM_CONVERSION = YES;
				CLANG_WARN_INFINITE_RECURSION = YES;
				CLANG_WARN_INT_CONVERSION = YES;
				CLANG_WARN_NON_LITERAL_NULL_CONVERSION = YES;
				CLANG_WARN_OBJC_IMPLICIT_RETAIN_SELF = YES;
				CLANG_WARN_OBJC_LITERAL_CONVERSION = YES;
				CLANG_WARN_OBJC_ROOT_CLASS = YES_ERROR;
				CLANG_WARN_QUOTED_INCLUDE_IN_FRAMEWORK_HEADER = YES;
				CLANG_WARN_RANGE_LOOP_ANALYSIS = YES;
				CLANG_WARN_STRICT_PROTOTYPES = YES;
				CLANG_WARN_SUSPICIOUS_MOVE = YES;
				CLANG_WARN_UNGUARDED_AVAILABILITY = YES_AGGRESSIVE;
				CLANG_WARN_UNREACHABLE_CODE = YES;
				CLANG_WARN__DUPLICATE_METHOD_MATCH = YES;
				COPY_PHASE_STRIP = NO;
				DEBUG_INFORMATION_FORMAT = "dwarf-with-dsym";
				ENABLE_NS_ASSERTIONS = NO;
				ENABLE_STRICT_OBJC_MSGSEND = YES;
				GCC_C_LANGUAGE_STANDARD = gnu11;
				GCC_NO_COMMON_BLOCKS = YES;
				GCC_WARN_64_TO_32_BIT_CONVERSION = YES;
				GCC_WARN_ABOUT_RETURN_TYPE = YES_ERROR;
				GCC_WARN_UNDECLARED_SELECTOR = YES;
				GCC_WARN_UNINITIALIZED_AUTOS = YES_AGGRESSIVE;
				GCC_WARN_UNUSED_FUNCTION = YES;
				GCC_WARN_UNUSED_VARIABLE = YES;
				IPHONEOS_DEPLOYMENT_TARGET = 14.5;
				MTL_ENABLE_DEBUG_INFO = NO;
				MTL_FAST_MATH = YES;
				SDKROOT = iphoneos;
				SWIFT_COMPILATION_MODE = wholemodule;
				SWIFT_OPTIMIZATION_LEVEL = "-O";
				VALIDATE_PRODUCT = YES;
			};
			name = Release;
		};
		EFFA5D1226703425004A5051 /* Debug */ = {
			isa = XCBuildConfiguration;
			baseConfigurationReference = 0942A28C3EA5D8319B033FC6 /* Pods-DNA.debug.xcconfig */;
			buildSettings = {
				ASSETCATALOG_COMPILER_APPICON_NAME = AppIcon;
				ASSETCATALOG_COMPILER_GLOBAL_ACCENT_COLOR_NAME = AccentColor;
				CODE_SIGN_STYLE = Automatic;
				INFOPLIST_FILE = DNA/Info.plist;
				LD_RUNPATH_SEARCH_PATHS = (
					"$(inherited)",
					"@executable_path/Frameworks",
				);
				PRODUCT_BUNDLE_IDENTIFIER = JSY.DNA;
				PRODUCT_NAME = "$(TARGET_NAME)";
				SWIFT_VERSION = 5.0;
				TARGETED_DEVICE_FAMILY = "1,2";
			};
			name = Debug;
		};
		EFFA5D1326703425004A5051 /* Release */ = {
			isa = XCBuildConfiguration;
			baseConfigurationReference = 7D65417D055BEC8A8AB319F9 /* Pods-DNA.release.xcconfig */;
			buildSettings = {
				ASSETCATALOG_COMPILER_APPICON_NAME = AppIcon;
				ASSETCATALOG_COMPILER_GLOBAL_ACCENT_COLOR_NAME = AccentColor;
				CODE_SIGN_STYLE = Automatic;
				INFOPLIST_FILE = DNA/Info.plist;
				LD_RUNPATH_SEARCH_PATHS = (
					"$(inherited)",
					"@executable_path/Frameworks",
				);
				PRODUCT_BUNDLE_IDENTIFIER = JSY.DNA;
				PRODUCT_NAME = "$(TARGET_NAME)";
				SWIFT_VERSION = 5.0;
				TARGETED_DEVICE_FAMILY = "1,2";
			};
			name = Release;
		};
/* End XCBuildConfiguration section */

/* Begin XCConfigurationList section */
		EFFA5CF826703423004A5051 /* Build configuration list for PBXProject "DNA" */ = {
			isa = XCConfigurationList;
			buildConfigurations = (
				EFFA5D0F26703425004A5051 /* Debug */,
				EFFA5D1026703425004A5051 /* Release */,
			);
			defaultConfigurationIsVisible = 0;
			defaultConfigurationName = Release;
		};
		EFFA5D1126703425004A5051 /* Build configuration list for PBXNativeTarget "DNA" */ = {
			isa = XCConfigurationList;
			buildConfigurations = (
				EFFA5D1226703425004A5051 /* Debug */,
				EFFA5D1326703425004A5051 /* Release */,
			);
			defaultConfigurationIsVisible = 0;
			defaultConfigurationName = Release;
		};
/* End XCConfigurationList section */
	};
	rootObject = EFFA5CF526703423004A5051 /* Project object */;
}
